// !$*UTF8*$!
{
	archiveVersion = 1;
	classes = {
	};
	objectVersion = 55;
	objects = {

/* Begin PBXBuildFile section */
		8B755597060C49109FD283A2 /* Pods_photed.framework in Frameworks */ = {isa = PBXBuildFile; fileRef = FAEAAC1590A58D16BE4DBE5F /* Pods_photed.framework */; };
		C41DF5FD27D4DFE3005509A5 /* ProfileVC.swift in Sources */ = {isa = PBXBuildFile; fileRef = C41DF5FC27D4DFE3005509A5 /* ProfileVC.swift */; };
		C41DF5FF27D4DFFE005509A5 /* SearchVC.swift in Sources */ = {isa = PBXBuildFile; fileRef = C41DF5FE27D4DFFE005509A5 /* SearchVC.swift */; };
		C41DF60127D4E00B005509A5 /* AddingVC.swift in Sources */ = {isa = PBXBuildFile; fileRef = C41DF60027D4E00B005509A5 /* AddingVC.swift */; };
		C41DF62427D50881005509A5 /* NotificationVC.swift in Sources */ = {isa = PBXBuildFile; fileRef = C41DF62327D50881005509A5 /* NotificationVC.swift */; };
		C48912F527D26F6200AA8108 /* RegistrationVC.swift in Sources */ = {isa = PBXBuildFile; fileRef = C48912F427D26F6200AA8108 /* RegistrationVC.swift */; };
		C48912F727D286D700AA8108 /* Validation.swift in Sources */ = {isa = PBXBuildFile; fileRef = C48912F627D286D700AA8108 /* Validation.swift */; };
		C48912F927D390C100AA8108 /* RegistrationCheck.swift in Sources */ = {isa = PBXBuildFile; fileRef = C48912F827D390C100AA8108 /* RegistrationCheck.swift */; };
		C48912FF27D3DF9700AA8108 /* TextFieldsClicks.swift in Sources */ = {isa = PBXBuildFile; fileRef = C48912FE27D3DF9700AA8108 /* TextFieldsClicks.swift */; };
		C489130227D41B4300AA8108 /* PostsVC.swift in Sources */ = {isa = PBXBuildFile; fileRef = C489130127D41B4300AA8108 /* PostsVC.swift */; };
		FF928B6127EA2BD300311767 /* ReductionInt.swift in Sources */ = {isa = PBXBuildFile; fileRef = FF928B6027EA2BD300311767 /* ReductionInt.swift */; };
		FF928B6327EA69CB00311767 /* MyProfileVC.swift in Sources */ = {isa = PBXBuildFile; fileRef = FF928B6227EA69CB00311767 /* MyProfileVC.swift */; };
		FF928B6527EB2CA000311767 /* Post.swift in Sources */ = {isa = PBXBuildFile; fileRef = FF928B6427EB2CA000311767 /* Post.swift */; };
		FF928B6927EB4FDF00311767 /* PostInProfileCell.swift in Sources */ = {isa = PBXBuildFile; fileRef = FF928B6727EB4FDF00311767 /* PostInProfileCell.swift */; };
		FF928B6A27EB4FDF00311767 /* PostInProfileCell.xib in Resources */ = {isa = PBXBuildFile; fileRef = FF928B6827EB4FDF00311767 /* PostInProfileCell.xib */; };
		FFAFA35F27D2402E00DB8808 /* AppDelegate.swift in Sources */ = {isa = PBXBuildFile; fileRef = FFAFA35E27D2402E00DB8808 /* AppDelegate.swift */; };
		FFAFA36127D2402E00DB8808 /* SceneDelegate.swift in Sources */ = {isa = PBXBuildFile; fileRef = FFAFA36027D2402E00DB8808 /* SceneDelegate.swift */; };
		FFAFA36627D2402E00DB8808 /* Main.storyboard in Resources */ = {isa = PBXBuildFile; fileRef = FFAFA36427D2402E00DB8808 /* Main.storyboard */; };
		FFAFA36827D2403800DB8808 /* Assets.xcassets in Resources */ = {isa = PBXBuildFile; fileRef = FFAFA36727D2403800DB8808 /* Assets.xcassets */; };
		FFAFA36B27D2403800DB8808 /* LaunchScreen.storyboard in Resources */ = {isa = PBXBuildFile; fileRef = FFAFA36927D2403800DB8808 /* LaunchScreen.storyboard */; };
		FFAFA37927D2462E00DB8808 /* LoginVC.swift in Sources */ = {isa = PBXBuildFile; fileRef = FFAFA37827D2462E00DB8808 /* LoginVC.swift */; };
		FFAFA37C27D25B5200DB8808 /* EnvData.swift in Sources */ = {isa = PBXBuildFile; fileRef = FFAFA37B27D25B5200DB8808 /* EnvData.swift */; };
		FFAFA37E27D26F4000DB8808 /* APIObj.swift in Sources */ = {isa = PBXBuildFile; fileRef = FFAFA37D27D26F4000DB8808 /* APIObj.swift */; };
		FFAFA38027D2704600DB8808 /* LoginCheck.swift in Sources */ = {isa = PBXBuildFile; fileRef = FFAFA37F27D2704600DB8808 /* LoginCheck.swift */; };
		FFAFA38227D27E2E00DB8808 /* ShowError.swift in Sources */ = {isa = PBXBuildFile; fileRef = FFAFA38127D27E2D00DB8808 /* ShowError.swift */; };
		FFAFA38527D2818C00DB8808 /* PaintBorders.swift in Sources */ = {isa = PBXBuildFile; fileRef = FFAFA38427D2818C00DB8808 /* PaintBorders.swift */; };
		FFAFA38827D28DC400DB8808 /* FoggotPasswordVC.swift in Sources */ = {isa = PBXBuildFile; fileRef = FFAFA38727D28DC300DB8808 /* FoggotPasswordVC.swift */; };
		FFAFA38A27D3822F00DB8808 /* FoggotPasswordCheck.swift in Sources */ = {isa = PBXBuildFile; fileRef = FFAFA38927D3822E00DB8808 /* FoggotPasswordCheck.swift */; };
		FFC9B1B827D3A6E2000FF31B /* Mailer.swift in Sources */ = {isa = PBXBuildFile; fileRef = FFC9B1B727D3A6E2000FF31B /* Mailer.swift */; };
		FFC9B1BA27D3A731000FF31B /* SMSSender.swift in Sources */ = {isa = PBXBuildFile; fileRef = FFC9B1B927D3A731000FF31B /* SMSSender.swift */; };
		FFC9B1C827D4DEBC000FF31B /* StandartView.swift in Sources */ = {isa = PBXBuildFile; fileRef = FFC9B1C727D4DEBC000FF31B /* StandartView.swift */; };
		FFC9B1EA27D6333F000FF31B /* User.swift in Sources */ = {isa = PBXBuildFile; fileRef = FFC9B1E927D6333F000FF31B /* User.swift */; };
		FFC9B1EE27D63969000FF31B /* UserCell.swift in Sources */ = {isa = PBXBuildFile; fileRef = FFC9B1EC27D63969000FF31B /* UserCell.swift */; };
		FFC9B1EF27D63969000FF31B /* UserCell.xib in Resources */ = {isa = PBXBuildFile; fileRef = FFC9B1ED27D63969000FF31B /* UserCell.xib */; };
/* End PBXBuildFile section */

/* Begin PBXFileReference section */
		C41DF5FC27D4DFE3005509A5 /* ProfileVC.swift */ = {isa = PBXFileReference; lastKnownFileType = sourcecode.swift; path = ProfileVC.swift; sourceTree = "<group>"; };
		C41DF5FE27D4DFFE005509A5 /* SearchVC.swift */ = {isa = PBXFileReference; lastKnownFileType = sourcecode.swift; path = SearchVC.swift; sourceTree = "<group>"; };
		C41DF60027D4E00B005509A5 /* AddingVC.swift */ = {isa = PBXFileReference; lastKnownFileType = sourcecode.swift; path = AddingVC.swift; sourceTree = "<group>"; };
		C41DF62327D50881005509A5 /* NotificationVC.swift */ = {isa = PBXFileReference; lastKnownFileType = sourcecode.swift; path = NotificationVC.swift; sourceTree = "<group>"; };
		C48912F427D26F6200AA8108 /* RegistrationVC.swift */ = {isa = PBXFileReference; lastKnownFileType = sourcecode.swift; path = RegistrationVC.swift; sourceTree = "<group>"; };
		C48912F627D286D700AA8108 /* Validation.swift */ = {isa = PBXFileReference; lastKnownFileType = sourcecode.swift; path = Validation.swift; sourceTree = "<group>"; };
		C48912F827D390C100AA8108 /* RegistrationCheck.swift */ = {isa = PBXFileReference; lastKnownFileType = sourcecode.swift; path = RegistrationCheck.swift; sourceTree = "<group>"; };
		C48912FE27D3DF9700AA8108 /* TextFieldsClicks.swift */ = {isa = PBXFileReference; lastKnownFileType = sourcecode.swift; path = TextFieldsClicks.swift; sourceTree = "<group>"; };
		C489130127D41B4300AA8108 /* PostsVC.swift */ = {isa = PBXFileReference; lastKnownFileType = sourcecode.swift; path = PostsVC.swift; sourceTree = "<group>"; };
		D21F27E9DA44BDC6B4564073 /* Pods-photed.release.xcconfig */ = {isa = PBXFileReference; includeInIndex = 1; lastKnownFileType = text.xcconfig; name = "Pods-photed.release.xcconfig"; path = "Target Support Files/Pods-photed/Pods-photed.release.xcconfig"; sourceTree = "<group>"; };
		D91C46B49A12CB2202BF99F1 /* Pods-photed.debug.xcconfig */ = {isa = PBXFileReference; includeInIndex = 1; lastKnownFileType = text.xcconfig; name = "Pods-photed.debug.xcconfig"; path = "Target Support Files/Pods-photed/Pods-photed.debug.xcconfig"; sourceTree = "<group>"; };
		FAEAAC1590A58D16BE4DBE5F /* Pods_photed.framework */ = {isa = PBXFileReference; explicitFileType = wrapper.framework; includeInIndex = 0; path = Pods_photed.framework; sourceTree = BUILT_PRODUCTS_DIR; };
		FF928B6027EA2BD300311767 /* ReductionInt.swift */ = {isa = PBXFileReference; lastKnownFileType = sourcecode.swift; path = ReductionInt.swift; sourceTree = "<group>"; };
		FF928B6227EA69CB00311767 /* MyProfileVC.swift */ = {isa = PBXFileReference; lastKnownFileType = sourcecode.swift; path = MyProfileVC.swift; sourceTree = "<group>"; };
		FF928B6427EB2CA000311767 /* Post.swift */ = {isa = PBXFileReference; lastKnownFileType = sourcecode.swift; path = Post.swift; sourceTree = "<group>"; };
		FF928B6727EB4FDF00311767 /* PostInProfileCell.swift */ = {isa = PBXFileReference; lastKnownFileType = sourcecode.swift; path = PostInProfileCell.swift; sourceTree = "<group>"; };
		FF928B6827EB4FDF00311767 /* PostInProfileCell.xib */ = {isa = PBXFileReference; lastKnownFileType = file.xib; path = PostInProfileCell.xib; sourceTree = "<group>"; };
		FFAFA35B27D2402E00DB8808 /* photed.app */ = {isa = PBXFileReference; explicitFileType = wrapper.application; includeInIndex = 0; path = photed.app; sourceTree = BUILT_PRODUCTS_DIR; };
		FFAFA35E27D2402E00DB8808 /* AppDelegate.swift */ = {isa = PBXFileReference; lastKnownFileType = sourcecode.swift; path = AppDelegate.swift; sourceTree = "<group>"; };
		FFAFA36027D2402E00DB8808 /* SceneDelegate.swift */ = {isa = PBXFileReference; lastKnownFileType = sourcecode.swift; path = SceneDelegate.swift; sourceTree = "<group>"; };
		FFAFA36527D2402E00DB8808 /* Base */ = {isa = PBXFileReference; lastKnownFileType = file.storyboard; name = Base; path = Base.lproj/Main.storyboard; sourceTree = "<group>"; };
		FFAFA36727D2403800DB8808 /* Assets.xcassets */ = {isa = PBXFileReference; lastKnownFileType = folder.assetcatalog; path = Assets.xcassets; sourceTree = "<group>"; };
		FFAFA36A27D2403800DB8808 /* Base */ = {isa = PBXFileReference; lastKnownFileType = file.storyboard; name = Base; path = Base.lproj/LaunchScreen.storyboard; sourceTree = "<group>"; };
		FFAFA36C27D2403800DB8808 /* Info.plist */ = {isa = PBXFileReference; lastKnownFileType = text.plist.xml; path = Info.plist; sourceTree = "<group>"; };
		FFAFA37827D2462E00DB8808 /* LoginVC.swift */ = {isa = PBXFileReference; lastKnownFileType = sourcecode.swift; path = LoginVC.swift; sourceTree = "<group>"; };
		FFAFA37B27D25B5200DB8808 /* EnvData.swift */ = {isa = PBXFileReference; lastKnownFileType = sourcecode.swift; path = EnvData.swift; sourceTree = "<group>"; };
		FFAFA37D27D26F4000DB8808 /* APIObj.swift */ = {isa = PBXFileReference; lastKnownFileType = sourcecode.swift; path = APIObj.swift; sourceTree = "<group>"; };
		FFAFA37F27D2704600DB8808 /* LoginCheck.swift */ = {isa = PBXFileReference; lastKnownFileType = sourcecode.swift; path = LoginCheck.swift; sourceTree = "<group>"; };
		FFAFA38127D27E2D00DB8808 /* ShowError.swift */ = {isa = PBXFileReference; lastKnownFileType = sourcecode.swift; path = ShowError.swift; sourceTree = "<group>"; };
		FFAFA38427D2818C00DB8808 /* PaintBorders.swift */ = {isa = PBXFileReference; lastKnownFileType = sourcecode.swift; path = PaintBorders.swift; sourceTree = "<group>"; };
		FFAFA38727D28DC300DB8808 /* FoggotPasswordVC.swift */ = {isa = PBXFileReference; lastKnownFileType = sourcecode.swift; path = FoggotPasswordVC.swift; sourceTree = "<group>"; };
		FFAFA38927D3822E00DB8808 /* FoggotPasswordCheck.swift */ = {isa = PBXFileReference; lastKnownFileType = sourcecode.swift; path = FoggotPasswordCheck.swift; sourceTree = "<group>"; };
		FFC9B1B727D3A6E2000FF31B /* Mailer.swift */ = {isa = PBXFileReference; lastKnownFileType = sourcecode.swift; path = Mailer.swift; sourceTree = "<group>"; };
		FFC9B1B927D3A731000FF31B /* SMSSender.swift */ = {isa = PBXFileReference; lastKnownFileType = sourcecode.swift; path = SMSSender.swift; sourceTree = "<group>"; };
		FFC9B1C727D4DEBC000FF31B /* StandartView.swift */ = {isa = PBXFileReference; lastKnownFileType = sourcecode.swift; path = StandartView.swift; sourceTree = "<group>"; };
		FFC9B1E927D6333F000FF31B /* User.swift */ = {isa = PBXFileReference; lastKnownFileType = sourcecode.swift; path = User.swift; sourceTree = "<group>"; };
		FFC9B1EC27D63969000FF31B /* UserCell.swift */ = {isa = PBXFileReference; lastKnownFileType = sourcecode.swift; path = UserCell.swift; sourceTree = "<group>"; };
		FFC9B1ED27D63969000FF31B /* UserCell.xib */ = {isa = PBXFileReference; lastKnownFileType = file.xib; path = UserCell.xib; sourceTree = "<group>"; };
/* End PBXFileReference section */

/* Begin PBXFrameworksBuildPhase section */
		FFAFA35827D2402E00DB8808 /* Frameworks */ = {
			isa = PBXFrameworksBuildPhase;
			buildActionMask = 2147483647;
			files = (
				8B755597060C49109FD283A2 /* Pods_photed.framework in Frameworks */,
			);
			runOnlyForDeploymentPostprocessing = 0;
		};
/* End PBXFrameworksBuildPhase section */

/* Begin PBXGroup section */
		09D740A794EF15B1E7382B85 /* Frameworks */ = {
			isa = PBXGroup;
			children = (
				FAEAAC1590A58D16BE4DBE5F /* Pods_photed.framework */,
			);
			name = Frameworks;
			sourceTree = "<group>";
		};
		430D352D4599EE33CC358DB0 /* Pods */ = {
			isa = PBXGroup;
			children = (
				D91C46B49A12CB2202BF99F1 /* Pods-photed.debug.xcconfig */,
				D21F27E9DA44BDC6B4564073 /* Pods-photed.release.xcconfig */,
			);
			path = Pods;
			sourceTree = "<group>";
		};
		C41DF5F927D4DC9F005509A5 /* ProfileController */ = {
			isa = PBXGroup;
			children = (
				FF928B6627EB4FA900311767 /* Cell */,
				C41DF5FC27D4DFE3005509A5 /* ProfileVC.swift */,
				FF928B6227EA69CB00311767 /* MyProfileVC.swift */,
			);
			path = ProfileController;
			sourceTree = "<group>";
		};
		C41DF5FA27D4DCAD005509A5 /* SearchController */ = {
			isa = PBXGroup;
			children = (
				FFC9B1EB27D6393A000FF31B /* Cell */,
				C41DF5FE27D4DFFE005509A5 /* SearchVC.swift */,
			);
			path = SearchController;
			sourceTree = "<group>";
		};
		C41DF5FB27D4DCEA005509A5 /* AddingController */ = {
			isa = PBXGroup;
			children = (
				C41DF60027D4E00B005509A5 /* AddingVC.swift */,
			);
			path = AddingController;
			sourceTree = "<group>";
		};
		C41DF62227D50858005509A5 /* NotificationController */ = {
			isa = PBXGroup;
			children = (
				C41DF62327D50881005509A5 /* NotificationVC.swift */,
			);
			path = NotificationController;
			sourceTree = "<group>";
		};
		C48912F327D26F4500AA8108 /* Registration */ = {
			isa = PBXGroup;
			children = (
				C48912F427D26F6200AA8108 /* RegistrationVC.swift */,
				C48912F827D390C100AA8108 /* RegistrationCheck.swift */,
			);
			path = Registration;
			sourceTree = "<group>";
		};
		C489130027D41AEF00AA8108 /* PostsController */ = {
			isa = PBXGroup;
			children = (
				C489130127D41B4300AA8108 /* PostsVC.swift */,
			);
			path = PostsController;
			sourceTree = "<group>";
		};
		FF928B6627EB4FA900311767 /* Cell */ = {
			isa = PBXGroup;
			children = (
				FF928B6727EB4FDF00311767 /* PostInProfileCell.swift */,
				FF928B6827EB4FDF00311767 /* PostInProfileCell.xib */,
			);
			path = Cell;
			sourceTree = "<group>";
		};
		FFAFA35227D2402D00DB8808 = {
			isa = PBXGroup;
			children = (
				FFAFA35D27D2402E00DB8808 /* photed */,
				FFAFA35C27D2402E00DB8808 /* Products */,
				430D352D4599EE33CC358DB0 /* Pods */,
				09D740A794EF15B1E7382B85 /* Frameworks */,
			);
			sourceTree = "<group>";
		};
		FFAFA35C27D2402E00DB8808 /* Products */ = {
			isa = PBXGroup;
			children = (
				FFAFA35B27D2402E00DB8808 /* photed.app */,
			);
			name = Products;
			sourceTree = "<group>";
		};
		FFAFA35D27D2402E00DB8808 /* photed */ = {
			isa = PBXGroup;
			children = (
				FFAFA38327D2816B00DB8808 /* Functions */,
				FFAFA37627D240C500DB8808 /* Resources */,
				FFAFA37527D240AE00DB8808 /* Storyboard */,
				FFAFA37427D2408F00DB8808 /* System */,
				FFAFA37327D2408500DB8808 /* API */,
				FFAFA37227D2405400DB8808 /* View */,
			);
			path = photed;
			sourceTree = "<group>";
		};
		FFAFA37227D2405400DB8808 /* View */ = {
			isa = PBXGroup;
			children = (
				C41DF62227D50858005509A5 /* NotificationController */,
				C41DF5FB27D4DCEA005509A5 /* AddingController */,
				C41DF5FA27D4DCAD005509A5 /* SearchController */,
				C41DF5F927D4DC9F005509A5 /* ProfileController */,
				C489130027D41AEF00AA8108 /* PostsController */,
				C48912F327D26F4500AA8108 /* Registration */,
				FFAFA38627D28D7E00DB8808 /* FoggotPassword */,
				FFAFA37727D245C900DB8808 /* Login */,
			);
			path = View;
			sourceTree = "<group>";
		};
		FFAFA37327D2408500DB8808 /* API */ = {
			isa = PBXGroup;
			children = (
				FFAFA37A27D25AF800DB8808 /* Structures */,
				FFAFA37D27D26F4000DB8808 /* APIObj.swift */,
			);
			path = API;
			sourceTree = "<group>";
		};
		FFAFA37427D2408F00DB8808 /* System */ = {
			isa = PBXGroup;
			children = (
				FFAFA35E27D2402E00DB8808 /* AppDelegate.swift */,
				FFAFA36027D2402E00DB8808 /* SceneDelegate.swift */,
			);
			path = System;
			sourceTree = "<group>";
		};
		FFAFA37527D240AE00DB8808 /* Storyboard */ = {
			isa = PBXGroup;
			children = (
				FFAFA36427D2402E00DB8808 /* Main.storyboard */,
				FFAFA36927D2403800DB8808 /* LaunchScreen.storyboard */,
			);
			path = Storyboard;
			sourceTree = "<group>";
		};
		FFAFA37627D240C500DB8808 /* Resources */ = {
			isa = PBXGroup;
			children = (
				FFAFA36C27D2403800DB8808 /* Info.plist */,
				FFAFA36727D2403800DB8808 /* Assets.xcassets */,
				FFAFA37B27D25B5200DB8808 /* EnvData.swift */,
			);
			path = Resources;
			sourceTree = "<group>";
		};
		FFAFA37727D245C900DB8808 /* Login */ = {
			isa = PBXGroup;
			children = (
				FFAFA37827D2462E00DB8808 /* LoginVC.swift */,
				FFAFA37F27D2704600DB8808 /* LoginCheck.swift */,
			);
			path = Login;
			sourceTree = "<group>";
		};
		FFAFA37A27D25AF800DB8808 /* Structures */ = {
			isa = PBXGroup;
			children = (
				FFC9B1E927D6333F000FF31B /* User.swift */,
				FF928B6427EB2CA000311767 /* Post.swift */,
			);
			path = Structures;
			sourceTree = "<group>";
		};
		FFAFA38327D2816B00DB8808 /* Functions */ = {
			isa = PBXGroup;
			children = (
				C48912F627D286D700AA8108 /* Validation.swift */,
				FFAFA38127D27E2D00DB8808 /* ShowError.swift */,
				FFAFA38427D2818C00DB8808 /* PaintBorders.swift */,
				C48912FE27D3DF9700AA8108 /* TextFieldsClicks.swift */,
				FFC9B1C727D4DEBC000FF31B /* StandartView.swift */,
				FF928B6027EA2BD300311767 /* ReductionInt.swift */,
			);
			path = Functions;
			sourceTree = "<group>";
		};
		FFAFA38627D28D7E00DB8808 /* FoggotPassword */ = {
			isa = PBXGroup;
			children = (
				FFAFA38727D28DC300DB8808 /* FoggotPasswordVC.swift */,
				FFAFA38927D3822E00DB8808 /* FoggotPasswordCheck.swift */,
				FFC9B1B727D3A6E2000FF31B /* Mailer.swift */,
				FFC9B1B927D3A731000FF31B /* SMSSender.swift */,
			);
			path = FoggotPassword;
			sourceTree = "<group>";
		};
		FFC9B1EB27D6393A000FF31B /* Cell */ = {
			isa = PBXGroup;
			children = (
				FFC9B1EC27D63969000FF31B /* UserCell.swift */,
				FFC9B1ED27D63969000FF31B /* UserCell.xib */,
			);
			path = Cell;
			sourceTree = "<group>";
		};
/* End PBXGroup section */

/* Begin PBXNativeTarget section */
		FFAFA35A27D2402E00DB8808 /* photed */ = {
			isa = PBXNativeTarget;
			buildConfigurationList = FFAFA36F27D2403800DB8808 /* Build configuration list for PBXNativeTarget "photed" */;
			buildPhases = (
				6765BFC2DF43BFB24BD8AA3D /* [CP] Check Pods Manifest.lock */,
				FFAFA35727D2402E00DB8808 /* Sources */,
				FFAFA35827D2402E00DB8808 /* Frameworks */,
				FFAFA35927D2402E00DB8808 /* Resources */,
				260ED967FBDAA5BA3CB3F40A /* [CP] Embed Pods Frameworks */,
			);
			buildRules = (
			);
			dependencies = (
			);
			name = photed;
			productName = photed;
			productReference = FFAFA35B27D2402E00DB8808 /* photed.app */;
			productType = "com.apple.product-type.application";
		};
/* End PBXNativeTarget section */

/* Begin PBXProject section */
		FFAFA35327D2402D00DB8808 /* Project object */ = {
			isa = PBXProject;
			attributes = {
				BuildIndependentTargetsInParallel = 1;
				LastSwiftUpdateCheck = 1320;
				LastUpgradeCheck = 1320;
				TargetAttributes = {
					FFAFA35A27D2402E00DB8808 = {
						CreatedOnToolsVersion = 13.2.1;
					};
				};
			};
			buildConfigurationList = FFAFA35627D2402D00DB8808 /* Build configuration list for PBXProject "photed" */;
			compatibilityVersion = "Xcode 13.0";
			developmentRegion = en;
			hasScannedForEncodings = 0;
			knownRegions = (
				en,
				Base,
			);
			mainGroup = FFAFA35227D2402D00DB8808;
			productRefGroup = FFAFA35C27D2402E00DB8808 /* Products */;
			projectDirPath = "";
			projectRoot = "";
			targets = (
				FFAFA35A27D2402E00DB8808 /* photed */,
			);
		};
/* End PBXProject section */

/* Begin PBXResourcesBuildPhase section */
		FFAFA35927D2402E00DB8808 /* Resources */ = {
			isa = PBXResourcesBuildPhase;
			buildActionMask = 2147483647;
			files = (
				FFC9B1EF27D63969000FF31B /* UserCell.xib in Resources */,
				FFAFA36B27D2403800DB8808 /* LaunchScreen.storyboard in Resources */,
				FFAFA36827D2403800DB8808 /* Assets.xcassets in Resources */,
				FF928B6A27EB4FDF00311767 /* PostInProfileCell.xib in Resources */,
				FFAFA36627D2402E00DB8808 /* Main.storyboard in Resources */,
			);
			runOnlyForDeploymentPostprocessing = 0;
		};
/* End PBXResourcesBuildPhase section */

/* Begin PBXShellScriptBuildPhase section */
		260ED967FBDAA5BA3CB3F40A /* [CP] Embed Pods Frameworks */ = {
			isa = PBXShellScriptBuildPhase;
			buildActionMask = 2147483647;
			files = (
			);
			inputFileListPaths = (
				"${PODS_ROOT}/Target Support Files/Pods-photed/Pods-photed-frameworks-${CONFIGURATION}-input-files.xcfilelist",
			);
			name = "[CP] Embed Pods Frameworks";
			outputFileListPaths = (
				"${PODS_ROOT}/Target Support Files/Pods-photed/Pods-photed-frameworks-${CONFIGURATION}-output-files.xcfilelist",
			);
			runOnlyForDeploymentPostprocessing = 0;
			shellPath = /bin/sh;
			shellScript = "\"${PODS_ROOT}/Target Support Files/Pods-photed/Pods-photed-frameworks.sh\"\n";
			showEnvVarsInLog = 0;
		};
		6765BFC2DF43BFB24BD8AA3D /* [CP] Check Pods Manifest.lock */ = {
			isa = PBXShellScriptBuildPhase;
			buildActionMask = 2147483647;
			files = (
			);
			inputFileListPaths = (
			);
			inputPaths = (
				"${PODS_PODFILE_DIR_PATH}/Podfile.lock",
				"${PODS_ROOT}/Manifest.lock",
			);
			name = "[CP] Check Pods Manifest.lock";
			outputFileListPaths = (
			);
			outputPaths = (
				"$(DERIVED_FILE_DIR)/Pods-photed-checkManifestLockResult.txt",
			);
			runOnlyForDeploymentPostprocessing = 0;
			shellPath = /bin/sh;
			shellScript = "diff \"${PODS_PODFILE_DIR_PATH}/Podfile.lock\" \"${PODS_ROOT}/Manifest.lock\" > /dev/null\nif [ $? != 0 ] ; then\n    # print error to STDERR\n    echo \"error: The sandbox is not in sync with the Podfile.lock. Run 'pod install' or update your CocoaPods installation.\" >&2\n    exit 1\nfi\n# This output is used by Xcode 'outputs' to avoid re-running this script phase.\necho \"SUCCESS\" > \"${SCRIPT_OUTPUT_FILE_0}\"\n";
			showEnvVarsInLog = 0;
		};
/* End PBXShellScriptBuildPhase section */

/* Begin PBXSourcesBuildPhase section */
		FFAFA35727D2402E00DB8808 /* Sources */ = {
			isa = PBXSourcesBuildPhase;
			buildActionMask = 2147483647;
			files = (
				C48912FF27D3DF9700AA8108 /* TextFieldsClicks.swift in Sources */,
				FFAFA38027D2704600DB8808 /* LoginCheck.swift in Sources */,
				FFAFA38A27D3822F00DB8808 /* FoggotPasswordCheck.swift in Sources */,
				FFC9B1BA27D3A731000FF31B /* SMSSender.swift in Sources */,
				FFAFA37E27D26F4000DB8808 /* APIObj.swift in Sources */,
				FFAFA35F27D2402E00DB8808 /* AppDelegate.swift in Sources */,
				FFC9B1B827D3A6E2000FF31B /* Mailer.swift in Sources */,
				FFAFA38527D2818C00DB8808 /* PaintBorders.swift in Sources */,
				FFC9B1EE27D63969000FF31B /* UserCell.swift in Sources */,
				C48912F927D390C100AA8108 /* RegistrationCheck.swift in Sources */,
				FF928B6327EA69CB00311767 /* MyProfileVC.swift in Sources */,
				FFC9B1C827D4DEBC000FF31B /* StandartView.swift in Sources */,
				FFAFA36127D2402E00DB8808 /* SceneDelegate.swift in Sources */,
				FFAFA38827D28DC400DB8808 /* FoggotPasswordVC.swift in Sources */,
				FFAFA37927D2462E00DB8808 /* LoginVC.swift in Sources */,
				C41DF62427D50881005509A5 /* NotificationVC.swift in Sources */,
				FF928B6927EB4FDF00311767 /* PostInProfileCell.swift in Sources */,
				C48912F527D26F6200AA8108 /* RegistrationVC.swift in Sources */,
				C41DF5FF27D4DFFE005509A5 /* SearchVC.swift in Sources */,
				C48912F727D286D700AA8108 /* Validation.swift in Sources */,
				C41DF60127D4E00B005509A5 /* AddingVC.swift in Sources */,
				FF928B6127EA2BD300311767 /* ReductionInt.swift in Sources */,
				C41DF5FD27D4DFE3005509A5 /* ProfileVC.swift in Sources */,
				C489130227D41B4300AA8108 /* PostsVC.swift in Sources */,
				FFAFA37C27D25B5200DB8808 /* EnvData.swift in Sources */,
				FF928B6527EB2CA000311767 /* Post.swift in Sources */,
				FFAFA38227D27E2E00DB8808 /* ShowError.swift in Sources */,
				FFC9B1EA27D6333F000FF31B /* User.swift in Sources */,
			);
			runOnlyForDeploymentPostprocessing = 0;
		};
/* End PBXSourcesBuildPhase section */

/* Begin PBXVariantGroup section */
		FFAFA36427D2402E00DB8808 /* Main.storyboard */ = {
			isa = PBXVariantGroup;
			children = (
				FFAFA36527D2402E00DB8808 /* Base */,
			);
			name = Main.storyboard;
			sourceTree = "<group>";
		};
		FFAFA36927D2403800DB8808 /* LaunchScreen.storyboard */ = {
			isa = PBXVariantGroup;
			children = (
				FFAFA36A27D2403800DB8808 /* Base */,
			);
			name = LaunchScreen.storyboard;
			sourceTree = "<group>";
		};
/* End PBXVariantGroup section */

/* Begin XCBuildConfiguration section */
		FFAFA36D27D2403800DB8808 /* Debug */ = {
			isa = XCBuildConfiguration;
			buildSettings = {
				ALWAYS_SEARCH_USER_PATHS = NO;
				CLANG_ANALYZER_NONNULL = YES;
				CLANG_ANALYZER_NUMBER_OBJECT_CONVERSION = YES_AGGRESSIVE;
				CLANG_CXX_LANGUAGE_STANDARD = "gnu++17";
				CLANG_CXX_LIBRARY = "libc++";
				CLANG_ENABLE_MODULES = YES;
				CLANG_ENABLE_OBJC_ARC = YES;
				CLANG_ENABLE_OBJC_WEAK = YES;
				CLANG_WARN_BLOCK_CAPTURE_AUTORELEASING = YES;
				CLANG_WARN_BOOL_CONVERSION = YES;
				CLANG_WARN_COMMA = YES;
				CLANG_WARN_CONSTANT_CONVERSION = YES;
				CLANG_WARN_DEPRECATED_OBJC_IMPLEMENTATIONS = YES;
				CLANG_WARN_DIRECT_OBJC_ISA_USAGE = YES_ERROR;
				CLANG_WARN_DOCUMENTATION_COMMENTS = YES;
				CLANG_WARN_EMPTY_BODY = YES;
				CLANG_WARN_ENUM_CONVERSION = YES;
				CLANG_WARN_INFINITE_RECURSION = YES;
				CLANG_WARN_INT_CONVERSION = YES;
				CLANG_WARN_NON_LITERAL_NULL_CONVERSION = YES;
				CLANG_WARN_OBJC_IMPLICIT_RETAIN_SELF = YES;
				CLANG_WARN_OBJC_LITERAL_CONVERSION = YES;
				CLANG_WARN_OBJC_ROOT_CLASS = YES_ERROR;
				CLANG_WARN_QUOTED_INCLUDE_IN_FRAMEWORK_HEADER = YES;
				CLANG_WARN_RANGE_LOOP_ANALYSIS = YES;
				CLANG_WARN_STRICT_PROTOTYPES = YES;
				CLANG_WARN_SUSPICIOUS_MOVE = YES;
				CLANG_WARN_UNGUARDED_AVAILABILITY = YES_AGGRESSIVE;
				CLANG_WARN_UNREACHABLE_CODE = YES;
				CLANG_WARN__DUPLICATE_METHOD_MATCH = YES;
				COPY_PHASE_STRIP = NO;
				DEBUG_INFORMATION_FORMAT = dwarf;
				ENABLE_STRICT_OBJC_MSGSEND = YES;
				ENABLE_TESTABILITY = YES;
				GCC_C_LANGUAGE_STANDARD = gnu11;
				GCC_DYNAMIC_NO_PIC = NO;
				GCC_NO_COMMON_BLOCKS = YES;
				GCC_OPTIMIZATION_LEVEL = 0;
				GCC_PREPROCESSOR_DEFINITIONS = (
					"DEBUG=1",
					"$(inherited)",
				);
				GCC_WARN_64_TO_32_BIT_CONVERSION = YES;
				GCC_WARN_ABOUT_RETURN_TYPE = YES_ERROR;
				GCC_WARN_UNDECLARED_SELECTOR = YES;
				GCC_WARN_UNINITIALIZED_AUTOS = YES_AGGRESSIVE;
				GCC_WARN_UNUSED_FUNCTION = YES;
				GCC_WARN_UNUSED_VARIABLE = YES;
				IPHONEOS_DEPLOYMENT_TARGET = 15.2;
				MTL_ENABLE_DEBUG_INFO = INCLUDE_SOURCE;
				MTL_FAST_MATH = YES;
				ONLY_ACTIVE_ARCH = YES;
				SDKROOT = iphoneos;
				SWIFT_ACTIVE_COMPILATION_CONDITIONS = DEBUG;
				SWIFT_OPTIMIZATION_LEVEL = "-Onone";
			};
			name = Debug;
		};
		FFAFA36E27D2403800DB8808 /* Release */ = {
			isa = XCBuildConfiguration;
			buildSettings = {
				ALWAYS_SEARCH_USER_PATHS = NO;
				CLANG_ANALYZER_NONNULL = YES;
				CLANG_ANALYZER_NUMBER_OBJECT_CONVERSION = YES_AGGRESSIVE;
				CLANG_CXX_LANGUAGE_STANDARD = "gnu++17";
				CLANG_CXX_LIBRARY = "libc++";
				CLANG_ENABLE_MODULES = YES;
				CLANG_ENABLE_OBJC_ARC = YES;
				CLANG_ENABLE_OBJC_WEAK = YES;
				CLANG_WARN_BLOCK_CAPTURE_AUTORELEASING = YES;
				CLANG_WARN_BOOL_CONVERSION = YES;
				CLANG_WARN_COMMA = YES;
				CLANG_WARN_CONSTANT_CONVERSION = YES;
				CLANG_WARN_DEPRECATED_OBJC_IMPLEMENTATIONS = YES;
				CLANG_WARN_DIRECT_OBJC_ISA_USAGE = YES_ERROR;
				CLANG_WARN_DOCUMENTATION_COMMENTS = YES;
				CLANG_WARN_EMPTY_BODY = YES;
				CLANG_WARN_ENUM_CONVERSION = YES;
				CLANG_WARN_INFINITE_RECURSION = YES;
				CLANG_WARN_INT_CONVERSION = YES;
				CLANG_WARN_NON_LITERAL_NULL_CONVERSION = YES;
				CLANG_WARN_OBJC_IMPLICIT_RETAIN_SELF = YES;
				CLANG_WARN_OBJC_LITERAL_CONVERSION = YES;
				CLANG_WARN_OBJC_ROOT_CLASS = YES_ERROR;
				CLANG_WARN_QUOTED_INCLUDE_IN_FRAMEWORK_HEADER = YES;
				CLANG_WARN_RANGE_LOOP_ANALYSIS = YES;
				CLANG_WARN_STRICT_PROTOTYPES = YES;
				CLANG_WARN_SUSPICIOUS_MOVE = YES;
				CLANG_WARN_UNGUARDED_AVAILABILITY = YES_AGGRESSIVE;
				CLANG_WARN_UNREACHABLE_CODE = YES;
				CLANG_WARN__DUPLICATE_METHOD_MATCH = YES;
				COPY_PHASE_STRIP = NO;
				DEBUG_INFORMATION_FORMAT = "dwarf-with-dsym";
				ENABLE_NS_ASSERTIONS = NO;
				ENABLE_STRICT_OBJC_MSGSEND = YES;
				GCC_C_LANGUAGE_STANDARD = gnu11;
				GCC_NO_COMMON_BLOCKS = YES;
				GCC_WARN_64_TO_32_BIT_CONVERSION = YES;
				GCC_WARN_ABOUT_RETURN_TYPE = YES_ERROR;
				GCC_WARN_UNDECLARED_SELECTOR = YES;
				GCC_WARN_UNINITIALIZED_AUTOS = YES_AGGRESSIVE;
				GCC_WARN_UNUSED_FUNCTION = YES;
				GCC_WARN_UNUSED_VARIABLE = YES;
				IPHONEOS_DEPLOYMENT_TARGET = 15.2;
				MTL_ENABLE_DEBUG_INFO = NO;
				MTL_FAST_MATH = YES;
				SDKROOT = iphoneos;
				SWIFT_COMPILATION_MODE = wholemodule;
				SWIFT_OPTIMIZATION_LEVEL = "-O";
				VALIDATE_PRODUCT = YES;
			};
			name = Release;
		};
		FFAFA37027D2403800DB8808 /* Debug */ = {
			isa = XCBuildConfiguration;
			baseConfigurationReference = D91C46B49A12CB2202BF99F1 /* Pods-photed.debug.xcconfig */;
			buildSettings = {
				ASSETCATALOG_COMPILER_APPICON_NAME = AppIcon;
				ASSETCATALOG_COMPILER_GLOBAL_ACCENT_COLOR_NAME = AccentColor;
				CODE_SIGN_STYLE = Automatic;
				CURRENT_PROJECT_VERSION = 1;
				GENERATE_INFOPLIST_FILE = YES;
				INFOPLIST_FILE = photed/Resources/Info.plist;
				INFOPLIST_KEY_UIApplicationSupportsIndirectInputEvents = YES;
				INFOPLIST_KEY_UILaunchStoryboardName = LaunchScreen;
				INFOPLIST_KEY_UIMainStoryboardFile = Main;
				INFOPLIST_KEY_UISupportedInterfaceOrientations_iPad = "UIInterfaceOrientationPortrait UIInterfaceOrientationPortraitUpsideDown UIInterfaceOrientationLandscapeLeft UIInterfaceOrientationLandscapeRight";
				INFOPLIST_KEY_UISupportedInterfaceOrientations_iPhone = "UIInterfaceOrientationPortrait UIInterfaceOrientationLandscapeLeft UIInterfaceOrientationLandscapeRight";
				LD_RUNPATH_SEARCH_PATHS = (
					"$(inherited)",
					"@executable_path/Frameworks",
				);
				MARKETING_VERSION = 1.0;
				PRODUCT_BUNDLE_IDENTIFIER = "-.photed";
				PRODUCT_NAME = "$(TARGET_NAME)";
				SWIFT_EMIT_LOC_STRINGS = YES;
				SWIFT_VERSION = 5.0;
				TARGETED_DEVICE_FAMILY = "1,2";
			};
			name = Debug;
		};
		FFAFA37127D2403800DB8808 /* Release */ = {
			isa = XCBuildConfiguration;
			baseConfigurationReference = D21F27E9DA44BDC6B4564073 /* Pods-photed.release.xcconfig */;
			buildSettings = {
				ASSETCATALOG_COMPILER_APPICON_NAME = AppIcon;
				ASSETCATALOG_COMPILER_GLOBAL_ACCENT_COLOR_NAME = AccentColor;
				CODE_SIGN_STYLE = Automatic;
				CURRENT_PROJECT_VERSION = 1;
				GENERATE_INFOPLIST_FILE = YES;
				INFOPLIST_FILE = photed/Resources/Info.plist;
				INFOPLIST_KEY_UIApplicationSupportsIndirectInputEvents = YES;
				INFOPLIST_KEY_UILaunchStoryboardName = LaunchScreen;
				INFOPLIST_KEY_UIMainStoryboardFile = Main;
				INFOPLIST_KEY_UISupportedInterfaceOrientations_iPad = "UIInterfaceOrientationPortrait UIInterfaceOrientationPortraitUpsideDown UIInterfaceOrientationLandscapeLeft UIInterfaceOrientationLandscapeRight";
				INFOPLIST_KEY_UISupportedInterfaceOrientations_iPhone = "UIInterfaceOrientationPortrait UIInterfaceOrientationLandscapeLeft UIInterfaceOrientationLandscapeRight";
				LD_RUNPATH_SEARCH_PATHS = (
					"$(inherited)",
					"@executable_path/Frameworks",
				);
				MARKETING_VERSION = 1.0;
				PRODUCT_BUNDLE_IDENTIFIER = "-.photed";
				PRODUCT_NAME = "$(TARGET_NAME)";
				SWIFT_EMIT_LOC_STRINGS = YES;
				SWIFT_VERSION = 5.0;
				TARGETED_DEVICE_FAMILY = "1,2";
			};
			name = Release;
		};
/* End XCBuildConfiguration section */

/* Begin XCConfigurationList section */
		FFAFA35627D2402D00DB8808 /* Build configuration list for PBXProject "photed" */ = {
			isa = XCConfigurationList;
			buildConfigurations = (
				FFAFA36D27D2403800DB8808 /* Debug */,
				FFAFA36E27D2403800DB8808 /* Release */,
			);
			defaultConfigurationIsVisible = 0;
			defaultConfigurationName = Release;
		};
		FFAFA36F27D2403800DB8808 /* Build configuration list for PBXNativeTarget "photed" */ = {
			isa = XCConfigurationList;
			buildConfigurations = (
				FFAFA37027D2403800DB8808 /* Debug */,
				FFAFA37127D2403800DB8808 /* Release */,
			);
			defaultConfigurationIsVisible = 0;
			defaultConfigurationName = Release;
		};
/* End XCConfigurationList section */
	};
	rootObject = FFAFA35327D2402D00DB8808 /* Project object */;
}
